# This file was autogenerated by Stack.
# You should not edit this file by hand.
# For more information, please see the documentation at:
#   https://docs.haskellstack.org/en/stable/lock_files

packages:
- completed:
    hackage: MonadRandom-0.5.3@sha256:1972a7302aaa409f0b0cd5ff8f5afda03a5156ceb518c2264b2cf0e362123eb6,1454
    pantry-tree:
      size: 709
      sha256: 170b25262904f658c57d93e4c19b83f2a8ec07ae8646e9b31b7b7da724ceb9de
  original:
    hackage: MonadRandom-0.5.3@sha256:1972a7302aaa409f0b0cd5ff8f5afda03a5156ceb518c2264b2cf0e362123eb6,1454
- completed:
    hackage: primitive-0.7.2.0@sha256:d7c3635e83ae160129cdfe2be4092ab6389199d73a2c29adf904124dbcfe6100,2660
    pantry-tree:
      size: 1376
      sha256: e3fefef63d6466dd2fabcdc0dc48d68f96ada00b2dd9fabac5b9838d43d35116
  original:
    hackage: primitive-0.7.2.0@sha256:d7c3635e83ae160129cdfe2be4092ab6389199d73a2c29adf904124dbcfe6100,2660
- completed:
    hackage: random-1.2.1@sha256:8bee24dc0c985a90ee78d94c61f8aed21c49633686f0f1c14c5078d818ee43a2,6598
    pantry-tree:
      size: 1528
      sha256: 8bdc994ce41f43624ab42302a881fe5a0f81d965f5d238841e24943664681a06
  original:
    hackage: random-1.2.1@sha256:8bee24dc0c985a90ee78d94c61f8aed21c49633686f0f1c14c5078d818ee43a2,6598
- completed:
    hackage: transformers-compat-0.7@sha256:c4cc2d01c4e490ba680e9a0b607a1a790137856a6b3af12f8bdc7788a567bcf5,5572
    pantry-tree:
      size: 1724
      sha256: a30512e81cc439716fa40462c1421db5e7bf2c394e3af572f88057fb7d908427
  original:
    hackage: transformers-compat-0.7@sha256:c4cc2d01c4e490ba680e9a0b607a1a790137856a6b3af12f8bdc7788a567bcf5,5572
- completed:
    hackage: splitmix-0.1.0.3@sha256:fc3aae74c467f4b608050bef53aec17904a618731df9407e655d8f3bf8c32d5c,6049
    pantry-tree:
      size: 1400
      sha256: 8290f921f41c3628a6c9871502e57fd1d25f5954967afbf4ed16717fd8d3656f
  original:
    hackage: splitmix-0.1.0.3@sha256:fc3aae74c467f4b608050bef53aec17904a618731df9407e655d8f3bf8c32d5c,6049
snapshots: []
